
Microsoft Visual Studio Solution File, Format Version 12.00
# Visual Studio Version 17
VisualStudioVersion = 17.11.35327.3
MinimumVisualStudioVersion = 10.0.40219.1
Project("{9A19103F-16F7-4668-BE54-9A1E7A4F7556}") = "MiniAtmProject", "MiniAtmProject.csproj", "{90A59E0A-2C80-4588-9D9E-8B4EFEE899BD}"
EndProject
Global
	GlobalSection(SolutionConfigurationPlatforms) = preSolution
		Debug|Any CPU = Debug|Any CPU
		Release|Any CPU = Release|Any CPU
	EndGlobalSection
	GlobalSection(ProjectConfigurationPlatforms) = postSolution
		{90A59E0A-2C80-4588-9D9E-8B4EFEE899BD}.Debug|Any CPU.ActiveCfg = Debug|Any CPU
		{90A59E0A-2C80-4588-9D9E-8B4EFEE899BD}.Debug|Any CPU.Build.0 = Debug|Any CPU
		{90A59E0A-2C80-4588-9D9E-8B4EFEE899BD}.Release|Any CPU.ActiveCfg = Release|Any CPU
		{90A59E0A-2C80-4588-9D9E-8B4EFEE899BD}.Release|Any CPU.Build.0 = Release|Any CPU
	EndGlobalSection
	GlobalSection(SolutionProperties) = preSolution
		HideSolutionNode = FALSE
	EndGlobalSection
	GlobalSection(ExtensibilityGlobals) = postSolution
		SolutionGuid = {82B41F24-C0D2-4F92-A3A4-1FB17C56EA7B}
	EndGlobalSection
EndGlobal
